
Microsoft Visual Studio Solution File, Format Version 12.00
# Visual Studio Version 17
VisualStudioVersion = 17.5.002.0
MinimumVisualStudioVersion = 10.0.40219.1
Project("{9A19103F-16F7-4668-BE54-9A1E7A4F7556}") = "benchmark", "benchmark\benchmark.csproj", "{393B58DB-6FBB-4C26-829A-3AAE8A8121B2}"
EndProject
Project("{9A19103F-16F7-4668-BE54-9A1E7A4F7556}") = "tests", "tests\tests.csproj", "{DF510D08-8B62-4797-B4E0-4E4E42808A32}"
EndProject
Global
	GlobalSection(SolutionConfigurationPlatforms) = preSolution
		Debug|Any CPU = Debug|Any CPU
		Release|Any CPU = Release|Any CPU
	EndGlobalSection
	GlobalSection(ProjectConfigurationPlatforms) = postSolution
		{393B58DB-6FBB-4C26-829A-3AAE8A8121B2}.Debug|Any CPU.ActiveCfg = Debug|Any CPU
		{393B58DB-6FBB-4C26-829A-3AAE8A8121B2}.Debug|Any CPU.Build.0 = Debug|Any CPU
		{393B58DB-6FBB-4C26-829A-3AAE8A8121B2}.Release|Any CPU.ActiveCfg = Release|Any CPU
		{393B58DB-6FBB-4C26-829A-3AAE8A8121B2}.Release|Any CPU.Build.0 = Release|Any CPU
		{DF510D08-8B62-4797-B4E0-4E4E42808A32}.Debug|Any CPU.ActiveCfg = Debug|Any CPU
		{DF510D08-8B62-4797-B4E0-4E4E42808A32}.Debug|Any CPU.Build.0 = Debug|Any CPU
		{DF510D08-8B62-4797-B4E0-4E4E42808A32}.Release|Any CPU.ActiveCfg = Release|Any CPU
		{DF510D08-8B62-4797-B4E0-4E4E42808A32}.Release|Any CPU.Build.0 = Release|Any CPU
	EndGlobalSection
	GlobalSection(SolutionProperties) = preSolution
		HideSolutionNode = FALSE
	EndGlobalSection
	GlobalSection(ExtensibilityGlobals) = postSolution
		SolutionGuid = {B800C8EE-1222-4560-9587-DAD4F8A45393}
	EndGlobalSection
EndGlobal
